<?xml version="1.0" encoding="utf-8"?>
<Project ToolsVersion="4.0" xmlns="http://schemas.microsoft.com/developer/msbuild/2003">
  <ItemGroup>
    <ClCompile Include="..\examples\tiny_bvh_renderer.cpp" />
  </ItemGroup>
  <ItemGroup>
    <Filter Include="tinybvh">
      <UniqueIdentifier>{38234100-2f0b-44be-bc06-1b890392d127}</UniqueIdentifier>
    </Filter>
  </ItemGroup>
  <ItemGroup>
    <ClInclude Include="..\tiny_bvh.h">
      <Filter>tinybvh</Filter>
    </ClInclude>
    <ClInclude Include="..\tiny_bvh_arm_double.h">
      <Filter>tinybvh</Filter>
    </ClInclude>
    <ClInclude Include="..\tiny_bvh_arm_float.h">
      <Filter>tinybvh</Filter>
    </ClInclude>
    <ClInclude Include="..\tiny_bvh_base.h">
      <Filter>tinybvh</Filter>
    </ClInclude>
    <ClInclude Include="..\tiny_bvh_x86_double.h">
      <Filter>tinybvh</Filter>
    </ClInclude>
    <ClInclude Include="..\tiny_bvh_x86_float.h">
      <Filter>tinybvh</Filter>
    </ClInclude>
  </ItemGroup>
</Project>